
Microsoft Visual Studio Solution File, Format Version 12.00
# Visual Studio 15
VisualStudioVersion = 15.0.26730.16
MinimumVisualStudioVersion = 10.0.40219.1
Project("{FAE04EC0-301F-11D3-BF4B-00C04F79EFBC}") = "task3", "task3\task3.csproj", "{A5F6A7FD-DD77-479A-AC12-5B55DECA8A83}"
EndProject
Global
	GlobalSection(SolutionConfigurationPlatforms) = preSolution
		Debug|Any CPU = Debug|Any CPU
		Release|Any CPU = Release|Any CPU
	EndGlobalSection
	GlobalSection(ProjectConfigurationPlatforms) = postSolution
		{A5F6A7FD-DD77-479A-AC12-5B55DECA8A83}.Debug|Any CPU.ActiveCfg = Debug|Any CPU
		{A5F6A7FD-DD77-479A-AC12-5B55DECA8A83}.Debug|Any CPU.Build.0 = Debug|Any CPU
		{A5F6A7FD-DD77-479A-AC12-5B55DECA8A83}.Release|Any CPU.ActiveCfg = Release|Any CPU
		{A5F6A7FD-DD77-479A-AC12-5B55DECA8A83}.Release|Any CPU.Build.0 = Release|Any CPU
	EndGlobalSection
	GlobalSection(SolutionProperties) = preSolution
		HideSolutionNode = FALSE
	EndGlobalSection
	GlobalSection(ExtensibilityGlobals) = postSolution
		SolutionGuid = {BFF5D623-4E8D-46B1-8FC1-47C79CAD4D7C}
	EndGlobalSection
EndGlobal
