
Microsoft Visual Studio Solution File, Format Version 12.00
# Visual Studio 15
VisualStudioVersion = 15.0.26730.16
MinimumVisualStudioVersion = 10.0.40219.1
Project("{FAE04EC0-301F-11D3-BF4B-00C04F79EFBC}") = "cal", "cal\cal.csproj", "{645133CC-108C-421C-BB54-B0E545D67696}"
EndProject
Global
	GlobalSection(SolutionConfigurationPlatforms) = preSolution
		Debug|Any CPU = Debug|Any CPU
		Release|Any CPU = Release|Any CPU
	EndGlobalSection
	GlobalSection(ProjectConfigurationPlatforms) = postSolution
		{645133CC-108C-421C-BB54-B0E545D67696}.Debug|Any CPU.ActiveCfg = Debug|Any CPU
		{645133CC-108C-421C-BB54-B0E545D67696}.Debug|Any CPU.Build.0 = Debug|Any CPU
		{645133CC-108C-421C-BB54-B0E545D67696}.Release|Any CPU.ActiveCfg = Release|Any CPU
		{645133CC-108C-421C-BB54-B0E545D67696}.Release|Any CPU.Build.0 = Release|Any CPU
	EndGlobalSection
	GlobalSection(SolutionProperties) = preSolution
		HideSolutionNode = FALSE
	EndGlobalSection
	GlobalSection(ExtensibilityGlobals) = postSolution
		SolutionGuid = {6B79E9F1-6BA3-44C8-B741-335CB4AFC177}
	EndGlobalSection
EndGlobal
