
Microsoft Visual Studio Solution File, Format Version 12.00
# Visual Studio 15
VisualStudioVersion = 15.0.26730.16
MinimumVisualStudioVersion = 10.0.40219.1
Project("{FAE04EC0-301F-11D3-BF4B-00C04F79EFBC}") = "predic", "predic\predic.csproj", "{C56689A5-0AFE-4211-9E50-3F48E1E3BA60}"
EndProject
Global
	GlobalSection(SolutionConfigurationPlatforms) = preSolution
		Debug|Any CPU = Debug|Any CPU
		Release|Any CPU = Release|Any CPU
	EndGlobalSection
	GlobalSection(ProjectConfigurationPlatforms) = postSolution
		{C56689A5-0AFE-4211-9E50-3F48E1E3BA60}.Debug|Any CPU.ActiveCfg = Debug|Any CPU
		{C56689A5-0AFE-4211-9E50-3F48E1E3BA60}.Debug|Any CPU.Build.0 = Debug|Any CPU
		{C56689A5-0AFE-4211-9E50-3F48E1E3BA60}.Release|Any CPU.ActiveCfg = Release|Any CPU
		{C56689A5-0AFE-4211-9E50-3F48E1E3BA60}.Release|Any CPU.Build.0 = Release|Any CPU
	EndGlobalSection
	GlobalSection(SolutionProperties) = preSolution
		HideSolutionNode = FALSE
	EndGlobalSection
	GlobalSection(ExtensibilityGlobals) = postSolution
		SolutionGuid = {D98D0D3D-4E44-4C91-A28F-9CF30DD9BF5E}
	EndGlobalSection
EndGlobal
