
Microsoft Visual Studio Solution File, Format Version 12.00
# Visual Studio Version 16
VisualStudioVersion = 16.0.29806.167
MinimumVisualStudioVersion = 10.0.40219.1
Project("{FAE04EC0-301F-11D3-BF4B-00C04F79EFBC}") = "login", "login\login.csproj", "{99930008-6F61-4B36-8B62-6AC3E3F3C6CA}"
EndProject
Global
	GlobalSection(SolutionConfigurationPlatforms) = preSolution
		Debug|Any CPU = Debug|Any CPU
		Release|Any CPU = Release|Any CPU
	EndGlobalSection
	GlobalSection(ProjectConfigurationPlatforms) = postSolution
		{99930008-6F61-4B36-8B62-6AC3E3F3C6CA}.Debug|Any CPU.ActiveCfg = Debug|Any CPU
		{99930008-6F61-4B36-8B62-6AC3E3F3C6CA}.Debug|Any CPU.Build.0 = Debug|Any CPU
		{99930008-6F61-4B36-8B62-6AC3E3F3C6CA}.Release|Any CPU.ActiveCfg = Release|Any CPU
		{99930008-6F61-4B36-8B62-6AC3E3F3C6CA}.Release|Any CPU.Build.0 = Release|Any CPU
	EndGlobalSection
	GlobalSection(SolutionProperties) = preSolution
		HideSolutionNode = FALSE
	EndGlobalSection
	GlobalSection(ExtensibilityGlobals) = postSolution
		SolutionGuid = {89EF5E9A-6362-44E0-AC32-478718D98408}
	EndGlobalSection
EndGlobal
