
Microsoft Visual Studio Solution File, Format Version 12.00
# Visual Studio 15
VisualStudioVersion = 15.0.26730.16
MinimumVisualStudioVersion = 10.0.40219.1
Project("{FAE04EC0-301F-11D3-BF4B-00C04F79EFBC}") = "clg", "clg\clg.csproj", "{BCDDC6D6-2A00-4666-A71B-0D878E57A6AA}"
EndProject
Global
	GlobalSection(SolutionConfigurationPlatforms) = preSolution
		Debug|Any CPU = Debug|Any CPU
		Release|Any CPU = Release|Any CPU
	EndGlobalSection
	GlobalSection(ProjectConfigurationPlatforms) = postSolution
		{BCDDC6D6-2A00-4666-A71B-0D878E57A6AA}.Debug|Any CPU.ActiveCfg = Debug|Any CPU
		{BCDDC6D6-2A00-4666-A71B-0D878E57A6AA}.Debug|Any CPU.Build.0 = Debug|Any CPU
		{BCDDC6D6-2A00-4666-A71B-0D878E57A6AA}.Release|Any CPU.ActiveCfg = Release|Any CPU
		{BCDDC6D6-2A00-4666-A71B-0D878E57A6AA}.Release|Any CPU.Build.0 = Release|Any CPU
	EndGlobalSection
	GlobalSection(SolutionProperties) = preSolution
		HideSolutionNode = FALSE
	EndGlobalSection
	GlobalSection(ExtensibilityGlobals) = postSolution
		SolutionGuid = {C98837C1-E239-4069-B424-960D6F5B0C3D}
	EndGlobalSection
EndGlobal
