
Microsoft Visual Studio Solution File, Format Version 12.00
# Visual Studio 15
VisualStudioVersion = 15.0.26730.16
MinimumVisualStudioVersion = 10.0.40219.1
Project("{FAE04EC0-301F-11D3-BF4B-00C04F79EFBC}") = "sql1", "sql1\sql1.csproj", "{59CED933-6DCC-436E-9DF6-087A7D60EBF0}"
EndProject
Global
	GlobalSection(SolutionConfigurationPlatforms) = preSolution
		Debug|Any CPU = Debug|Any CPU
		Release|Any CPU = Release|Any CPU
	EndGlobalSection
	GlobalSection(ProjectConfigurationPlatforms) = postSolution
		{59CED933-6DCC-436E-9DF6-087A7D60EBF0}.Debug|Any CPU.ActiveCfg = Debug|Any CPU
		{59CED933-6DCC-436E-9DF6-087A7D60EBF0}.Debug|Any CPU.Build.0 = Debug|Any CPU
		{59CED933-6DCC-436E-9DF6-087A7D60EBF0}.Release|Any CPU.ActiveCfg = Release|Any CPU
		{59CED933-6DCC-436E-9DF6-087A7D60EBF0}.Release|Any CPU.Build.0 = Release|Any CPU
	EndGlobalSection
	GlobalSection(SolutionProperties) = preSolution
		HideSolutionNode = FALSE
	EndGlobalSection
	GlobalSection(ExtensibilityGlobals) = postSolution
		SolutionGuid = {5656A4B2-8D89-4973-918D-E8048E4BC2C4}
	EndGlobalSection
EndGlobal
