
Microsoft Visual Studio Solution File, Format Version 12.00
# Visual Studio 15
VisualStudioVersion = 15.0.26730.16
MinimumVisualStudioVersion = 10.0.40219.1
Project("{FAE04EC0-301F-11D3-BF4B-00C04F79EFBC}") = "str3", "str3\str3.csproj", "{AC3C7FB2-00B6-4712-B37F-35D9DCCE0A60}"
EndProject
Global
	GlobalSection(SolutionConfigurationPlatforms) = preSolution
		Debug|Any CPU = Debug|Any CPU
		Release|Any CPU = Release|Any CPU
	EndGlobalSection
	GlobalSection(ProjectConfigurationPlatforms) = postSolution
		{AC3C7FB2-00B6-4712-B37F-35D9DCCE0A60}.Debug|Any CPU.ActiveCfg = Debug|Any CPU
		{AC3C7FB2-00B6-4712-B37F-35D9DCCE0A60}.Debug|Any CPU.Build.0 = Debug|Any CPU
		{AC3C7FB2-00B6-4712-B37F-35D9DCCE0A60}.Release|Any CPU.ActiveCfg = Release|Any CPU
		{AC3C7FB2-00B6-4712-B37F-35D9DCCE0A60}.Release|Any CPU.Build.0 = Release|Any CPU
	EndGlobalSection
	GlobalSection(SolutionProperties) = preSolution
		HideSolutionNode = FALSE
	EndGlobalSection
	GlobalSection(ExtensibilityGlobals) = postSolution
		SolutionGuid = {8C19CBA6-A406-451F-B2B5-70DE2DEFE69E}
	EndGlobalSection
EndGlobal
