
Microsoft Visual Studio Solution File, Format Version 12.00
# Visual Studio 15
VisualStudioVersion = 15.0.26730.16
MinimumVisualStudioVersion = 10.0.40219.1
Project("{FAE04EC0-301F-11D3-BF4B-00C04F79EFBC}") = "WebApplication2", "WebApplication2\WebApplication2.csproj", "{A67D7ADA-C3E6-4B5A-A6D1-E1B0CD08B8C6}"
EndProject
Global
	GlobalSection(SolutionConfigurationPlatforms) = preSolution
		Debug|Any CPU = Debug|Any CPU
		Release|Any CPU = Release|Any CPU
	EndGlobalSection
	GlobalSection(ProjectConfigurationPlatforms) = postSolution
		{A67D7ADA-C3E6-4B5A-A6D1-E1B0CD08B8C6}.Debug|Any CPU.ActiveCfg = Debug|Any CPU
		{A67D7ADA-C3E6-4B5A-A6D1-E1B0CD08B8C6}.Debug|Any CPU.Build.0 = Debug|Any CPU
		{A67D7ADA-C3E6-4B5A-A6D1-E1B0CD08B8C6}.Release|Any CPU.ActiveCfg = Release|Any CPU
		{A67D7ADA-C3E6-4B5A-A6D1-E1B0CD08B8C6}.Release|Any CPU.Build.0 = Release|Any CPU
	EndGlobalSection
	GlobalSection(SolutionProperties) = preSolution
		HideSolutionNode = FALSE
	EndGlobalSection
	GlobalSection(ExtensibilityGlobals) = postSolution
		SolutionGuid = {0F16DE7D-FA77-4FDD-9E70-A6A2172E6888}
	EndGlobalSection
EndGlobal
