
Microsoft Visual Studio Solution File, Format Version 12.00
# Visual Studio 15
VisualStudioVersion = 15.0.26730.16
MinimumVisualStudioVersion = 10.0.40219.1
Project("{FAE04EC0-301F-11D3-BF4B-00C04F79EFBC}") = "del1", "del1\del1.csproj", "{793B1836-9F57-40DA-B493-DEB75B03CADD}"
EndProject
Global
	GlobalSection(SolutionConfigurationPlatforms) = preSolution
		Debug|Any CPU = Debug|Any CPU
		Release|Any CPU = Release|Any CPU
	EndGlobalSection
	GlobalSection(ProjectConfigurationPlatforms) = postSolution
		{793B1836-9F57-40DA-B493-DEB75B03CADD}.Debug|Any CPU.ActiveCfg = Debug|Any CPU
		{793B1836-9F57-40DA-B493-DEB75B03CADD}.Debug|Any CPU.Build.0 = Debug|Any CPU
		{793B1836-9F57-40DA-B493-DEB75B03CADD}.Release|Any CPU.ActiveCfg = Release|Any CPU
		{793B1836-9F57-40DA-B493-DEB75B03CADD}.Release|Any CPU.Build.0 = Release|Any CPU
	EndGlobalSection
	GlobalSection(SolutionProperties) = preSolution
		HideSolutionNode = FALSE
	EndGlobalSection
	GlobalSection(ExtensibilityGlobals) = postSolution
		SolutionGuid = {EBA10CBE-D8D0-4F9A-B846-9E446662DA98}
	EndGlobalSection
EndGlobal
