
Microsoft Visual Studio Solution File, Format Version 12.00
# Visual Studio 15
VisualStudioVersion = 15.0.26730.16
MinimumVisualStudioVersion = 10.0.40219.1
Project("{FAE04EC0-301F-11D3-BF4B-00C04F79EFBC}") = "rest", "rest\rest.csproj", "{A1ED4031-39AC-40E8-97E0-1D7B6BD0A075}"
EndProject
Global
	GlobalSection(SolutionConfigurationPlatforms) = preSolution
		Debug|Any CPU = Debug|Any CPU
		Release|Any CPU = Release|Any CPU
	EndGlobalSection
	GlobalSection(ProjectConfigurationPlatforms) = postSolution
		{A1ED4031-39AC-40E8-97E0-1D7B6BD0A075}.Debug|Any CPU.ActiveCfg = Debug|Any CPU
		{A1ED4031-39AC-40E8-97E0-1D7B6BD0A075}.Debug|Any CPU.Build.0 = Debug|Any CPU
		{A1ED4031-39AC-40E8-97E0-1D7B6BD0A075}.Release|Any CPU.ActiveCfg = Release|Any CPU
		{A1ED4031-39AC-40E8-97E0-1D7B6BD0A075}.Release|Any CPU.Build.0 = Release|Any CPU
	EndGlobalSection
	GlobalSection(SolutionProperties) = preSolution
		HideSolutionNode = FALSE
	EndGlobalSection
	GlobalSection(ExtensibilityGlobals) = postSolution
		SolutionGuid = {46B8B3AF-F595-4186-AC7C-5EF70B10E43E}
	EndGlobalSection
EndGlobal
