
Microsoft Visual Studio Solution File, Format Version 12.00
# Visual Studio 15
VisualStudioVersion = 15.0.26730.16
MinimumVisualStudioVersion = 10.0.40219.1
Project("{FAE04EC0-301F-11D3-BF4B-00C04F79EFBC}") = "custpro", "custpro\custpro.csproj", "{D99957A3-9D1A-4ECD-B800-52B9F2532B37}"
EndProject
Global
	GlobalSection(SolutionConfigurationPlatforms) = preSolution
		Debug|Any CPU = Debug|Any CPU
		Release|Any CPU = Release|Any CPU
	EndGlobalSection
	GlobalSection(ProjectConfigurationPlatforms) = postSolution
		{D99957A3-9D1A-4ECD-B800-52B9F2532B37}.Debug|Any CPU.ActiveCfg = Debug|Any CPU
		{D99957A3-9D1A-4ECD-B800-52B9F2532B37}.Debug|Any CPU.Build.0 = Debug|Any CPU
		{D99957A3-9D1A-4ECD-B800-52B9F2532B37}.Release|Any CPU.ActiveCfg = Release|Any CPU
		{D99957A3-9D1A-4ECD-B800-52B9F2532B37}.Release|Any CPU.Build.0 = Release|Any CPU
	EndGlobalSection
	GlobalSection(SolutionProperties) = preSolution
		HideSolutionNode = FALSE
	EndGlobalSection
	GlobalSection(ExtensibilityGlobals) = postSolution
		SolutionGuid = {E1E763CD-3CC8-42FC-9DBE-F5EE2E59E5EE}
	EndGlobalSection
EndGlobal
